// !$*UTF8*$!
{
	archiveVersion = 1;
	classes = {
	};
	objectVersion = 56;
	objects = {

/* Begin PBXBuildFile section */
		B10000000000000000000001 /* ApexCoachApp.swift in Sources */ = {isa = PBXBuildFile; fileRef = A10000000000000000000001 /* ApexCoachApp.swift */; };
		B10000000000000000000002 /* PremiumComponents.swift in Sources */ = {isa = PBXBuildFile; fileRef = A10000000000000000000002 /* PremiumComponents.swift */; };
		B10000000000000000000003 /* MuscleDiagramView.swift in Sources */ = {isa = PBXBuildFile; fileRef = A10000000000000000000003 /* MuscleDiagramView.swift */; };
		B10000000000000000000004 /* OnboardingViewModel.swift in Sources */ = {isa = PBXBuildFile; fileRef = A10000000000000000000004 /* OnboardingViewModel.swift */; };
		B10000000000000000000005 /* OnboardingFlowView.swift in Sources */ = {isa = PBXBuildFile; fileRef = A10000000000000000000005 /* OnboardingFlowView.swift */; };
		B10000000000000000000006 /* ProfileView.swift in Sources */ = {isa = PBXBuildFile; fileRef = A10000000000000000000006 /* ProfileView.swift */; };
		B10000000000000000000007 /* ExerciseDetailView.swift in Sources */ = {isa = PBXBuildFile; fileRef = A10000000000000000000007 /* ExerciseDetailView.swift */; };
		B10000000000000000000008 /* WorkoutPlanView.swift in Sources */ = {isa = PBXBuildFile; fileRef = A10000000000000000000008 /* WorkoutPlanView.swift */; };
		B10000000000000000000009 /* ActiveWorkoutView.swift in Sources */ = {isa = PBXBuildFile; fileRef = A10000000000000000000009 /* ActiveWorkoutView.swift */; };
		B1000000000000000000000A /* ActiveWorkoutViewModel.swift in Sources */ = {isa = PBXBuildFile; fileRef = A1000000000000000000000A /* ActiveWorkoutViewModel.swift */; };
		B1000000000000000000000B /* ProgressView.swift in Sources */ = {isa = PBXBuildFile; fileRef = A1000000000000000000000B /* ProgressView.swift */; };
		B1000000000000000000000C /* HomeView.swift in Sources */ = {isa = PBXBuildFile; fileRef = A1000000000000000000000C /* HomeView.swift */; };
		B1000000000000000000000D /* AppViewModel.swift in Sources */ = {isa = PBXBuildFile; fileRef = A1000000000000000000000D /* AppViewModel.swift */; };
		B1000000000000000000000E /* RootView.swift in Sources */ = {isa = PBXBuildFile; fileRef = A1000000000000000000000E /* RootView.swift */; };
		B1000000000000000000000F /* WorkoutTimerEngine.swift in Sources */ = {isa = PBXBuildFile; fileRef = A1000000000000000000000F /* WorkoutTimerEngine.swift */; };
		B10000000000000000000010 /* HapticEngine.swift in Sources */ = {isa = PBXBuildFile; fileRef = A10000000000000000000010 /* HapticEngine.swift */; };
		B10000000000000000000011 /* ProgressiveOverloadService.swift in Sources */ = {isa = PBXBuildFile; fileRef = A10000000000000000000011 /* ProgressiveOverloadService.swift */; };
		B10000000000000000000012 /* WorkoutPlanGeneratorService.swift in Sources */ = {isa = PBXBuildFile; fileRef = A10000000000000000000012 /* WorkoutPlanGeneratorService.swift */; };
		B10000000000000000000013 /* LocalWorkoutStore.swift in Sources */ = {isa = PBXBuildFile; fileRef = A10000000000000000000013 /* LocalWorkoutStore.swift */; };
		B10000000000000000000014 /* ProgressModels.swift in Sources */ = {isa = PBXBuildFile; fileRef = A10000000000000000000014 /* ProgressModels.swift */; };
		B10000000000000000000015 /* FitnessModels.swift in Sources */ = {isa = PBXBuildFile; fileRef = A10000000000000000000015 /* FitnessModels.swift */; };
		B10000000000000000000016 /* ExerciseDatabase.swift in Sources */ = {isa = PBXBuildFile; fileRef = A10000000000000000000016 /* ExerciseDatabase.swift */; };
		B10000000000000000000017 /* CoachTheme.swift in Sources */ = {isa = PBXBuildFile; fileRef = A10000000000000000000017 /* CoachTheme.swift */; };
/* End PBXBuildFile section */

/* Begin PBXFileReference section */
		A10000000000000000000001 /* ApexCoachApp.swift */ = {isa = PBXFileReference; lastKnownFileType = sourcecode.swift; path = ApexCoachApp.swift; sourceTree = "<group>"; };
		A10000000000000000000002 /* PremiumComponents.swift */ = {isa = PBXFileReference; lastKnownFileType = sourcecode.swift; path = Shared/Components/PremiumComponents.swift; sourceTree = "<group>"; };
		A10000000000000000000003 /* MuscleDiagramView.swift */ = {isa = PBXFileReference; lastKnownFileType = sourcecode.swift; path = Shared/Visualization/MuscleDiagramView.swift; sourceTree = "<group>"; };
		A10000000000000000000004 /* OnboardingViewModel.swift */ = {isa = PBXFileReference; lastKnownFileType = sourcecode.swift; path = Features/Onboarding/OnboardingViewModel.swift; sourceTree = "<group>"; };
		A10000000000000000000005 /* OnboardingFlowView.swift */ = {isa = PBXFileReference; lastKnownFileType = sourcecode.swift; path = Features/Onboarding/OnboardingFlowView.swift; sourceTree = "<group>"; };
		A10000000000000000000006 /* ProfileView.swift */ = {isa = PBXFileReference; lastKnownFileType = sourcecode.swift; path = Features/Profile/ProfileView.swift; sourceTree = "<group>"; };
		A10000000000000000000007 /* ExerciseDetailView.swift */ = {isa = PBXFileReference; lastKnownFileType = sourcecode.swift; path = Features/ExerciseDetail/ExerciseDetailView.swift; sourceTree = "<group>"; };
		A10000000000000000000008 /* WorkoutPlanView.swift */ = {isa = PBXFileReference; lastKnownFileType = sourcecode.swift; path = Features/Plan/WorkoutPlanView.swift; sourceTree = "<group>"; };
		A10000000000000000000009 /* ActiveWorkoutView.swift */ = {isa = PBXFileReference; lastKnownFileType = sourcecode.swift; path = Features/ActiveWorkout/ActiveWorkoutView.swift; sourceTree = "<group>"; };
		A1000000000000000000000A /* ActiveWorkoutViewModel.swift */ = {isa = PBXFileReference; lastKnownFileType = sourcecode.swift; path = Features/ActiveWorkout/ActiveWorkoutViewModel.swift; sourceTree = "<group>"; };
		A1000000000000000000000B /* ProgressView.swift */ = {isa = PBXFileReference; lastKnownFileType = sourcecode.swift; path = Features/Progress/ProgressView.swift; sourceTree = "<group>"; };
		A1000000000000000000000C /* HomeView.swift */ = {isa = PBXFileReference; lastKnownFileType = sourcecode.swift; path = Features/Home/HomeView.swift; sourceTree = "<group>"; };
		A1000000000000000000000D /* AppViewModel.swift */ = {isa = PBXFileReference; lastKnownFileType = sourcecode.swift; path = App/AppViewModel.swift; sourceTree = "<group>"; };
		A1000000000000000000000E /* RootView.swift */ = {isa = PBXFileReference; lastKnownFileType = sourcecode.swift; path = App/RootView.swift; sourceTree = "<group>"; };
		A1000000000000000000000F /* WorkoutTimerEngine.swift */ = {isa = PBXFileReference; lastKnownFileType = sourcecode.swift; path = Core/Services/WorkoutTimerEngine.swift; sourceTree = "<group>"; };
		A10000000000000000000010 /* HapticEngine.swift */ = {isa = PBXFileReference; lastKnownFileType = sourcecode.swift; path = Core/Services/HapticEngine.swift; sourceTree = "<group>"; };
		A10000000000000000000011 /* ProgressiveOverloadService.swift */ = {isa = PBXFileReference; lastKnownFileType = sourcecode.swift; path = Core/Services/ProgressiveOverloadService.swift; sourceTree = "<group>"; };
		A10000000000000000000012 /* WorkoutPlanGeneratorService.swift */ = {isa = PBXFileReference; lastKnownFileType = sourcecode.swift; path = Core/Services/WorkoutPlanGeneratorService.swift; sourceTree = "<group>"; };
		A10000000000000000000013 /* LocalWorkoutStore.swift */ = {isa = PBXFileReference; lastKnownFileType = sourcecode.swift; path = Core/Persistence/LocalWorkoutStore.swift; sourceTree = "<group>"; };
		A10000000000000000000014 /* ProgressModels.swift */ = {isa = PBXFileReference; lastKnownFileType = sourcecode.swift; path = Core/Models/ProgressModels.swift; sourceTree = "<group>"; };
		A10000000000000000000015 /* FitnessModels.swift */ = {isa = PBXFileReference; lastKnownFileType = sourcecode.swift; path = Core/Models/FitnessModels.swift; sourceTree = "<group>"; };
		A10000000000000000000016 /* ExerciseDatabase.swift */ = {isa = PBXFileReference; lastKnownFileType = sourcecode.swift; path = Core/SampleData/ExerciseDatabase.swift; sourceTree = "<group>"; };
		A10000000000000000000017 /* CoachTheme.swift */ = {isa = PBXFileReference; lastKnownFileType = sourcecode.swift; path = DesignSystem/CoachTheme.swift; sourceTree = "<group>"; };
		A20000000000000000000001 /* ApexCoach.app */ = {isa = PBXFileReference; explicitFileType = wrapper.application; includeInIndex = 0; path = ApexCoach.app; sourceTree = BUILT_PRODUCTS_DIR; };
/* End PBXFileReference section */

/* Begin PBXFrameworksBuildPhase section */
		C10000000000000000000002 /* Frameworks */ = {
			isa = PBXFrameworksBuildPhase;
			buildActionMask = 2147483647;
			files = (
			);
			runOnlyForDeploymentPostprocessing = 0;
		};
/* End PBXFrameworksBuildPhase section */

/* Begin PBXGroup section */
		C10000000000000000000003 = {
			isa = PBXGroup;
			children = (
				C10000000000000000000005 /* ApexCoach */,
				C10000000000000000000004 /* Products */,
			);
			sourceTree = "<group>";
		};
		C10000000000000000000004 /* Products */ = {
			isa = PBXGroup;
			children = (
				A20000000000000000000001 /* ApexCoach.app */,
			);
			name = Products;
			sourceTree = "<group>";
		};
		C10000000000000000000005 /* ApexCoach */ = {
			isa = PBXGroup;
			children = (
				A10000000000000000000001 /* ApexCoachApp.swift */,
				A1000000000000000000000D /* AppViewModel.swift */,
				A1000000000000000000000E /* RootView.swift */,
				A10000000000000000000015 /* FitnessModels.swift */,
				A10000000000000000000014 /* ProgressModels.swift */,
				A10000000000000000000013 /* LocalWorkoutStore.swift */,
				A10000000000000000000012 /* WorkoutPlanGeneratorService.swift */,
				A10000000000000000000011 /* ProgressiveOverloadService.swift */,
				A1000000000000000000000F /* WorkoutTimerEngine.swift */,
				A10000000000000000000010 /* HapticEngine.swift */,
				A10000000000000000000016 /* ExerciseDatabase.swift */,
				A10000000000000000000017 /* CoachTheme.swift */,
				A10000000000000000000002 /* PremiumComponents.swift */,
				A10000000000000000000003 /* MuscleDiagramView.swift */,
				A10000000000000000000004 /* OnboardingViewModel.swift */,
				A10000000000000000000005 /* OnboardingFlowView.swift */,
				A1000000000000000000000C /* HomeView.swift */,
				A10000000000000000000008 /* WorkoutPlanView.swift */,
				A10000000000000000000007 /* ExerciseDetailView.swift */,
				A1000000000000000000000A /* ActiveWorkoutViewModel.swift */,
				A10000000000000000000009 /* ActiveWorkoutView.swift */,
				A1000000000000000000000B /* ProgressView.swift */,
				A10000000000000000000006 /* ProfileView.swift */,
			);
			path = ApexCoach;
			sourceTree = "<group>";
		};
/* End PBXGroup section */

/* Begin PBXNativeTarget section */
		C10000000000000000000006 /* ApexCoach */ = {
			isa = PBXNativeTarget;
			buildConfigurationList = C1000000000000000000000C /* Build configuration list for PBXNativeTarget "ApexCoach" */;
			buildPhases = (
				C10000000000000000000001 /* Sources */,
				C10000000000000000000002 /* Frameworks */,
				C10000000000000000000007 /* Resources */,
			);
			buildRules = (
			);
			dependencies = (
			);
			name = ApexCoach;
			productName = ApexCoach;
			productReference = A20000000000000000000001 /* ApexCoach.app */;
			productType = "com.apple.product-type.application";
		};
/* End PBXNativeTarget section */

/* Begin PBXProject section */
		C10000000000000000000008 /* Project object */ = {
			isa = PBXProject;
			attributes = {
				BuildIndependentTargetsInParallel = 1;
				LastSwiftUpdateCheck = 1540;
				LastUpgradeCheck = 1540;
				TargetAttributes = {
					C10000000000000000000006 = {
						CreatedOnToolsVersion = 15.4;
					};
				};
			};
			buildConfigurationList = C10000000000000000000009 /* Build configuration list for PBXProject "ApexCoach" */;
			compatibilityVersion = "Xcode 14.0";
			developmentRegion = en;
			hasScannedForEncodings = 0;
			knownRegions = (
				en,
				Base,
			);
			mainGroup = C10000000000000000000003;
			productRefGroup = C10000000000000000000004 /* Products */;
			projectDirPath = "";
			projectRoot = "";
			targets = (
				C10000000000000000000006 /* ApexCoach */,
			);
		};
/* End PBXProject section */

/* Begin PBXResourcesBuildPhase section */
		C10000000000000000000007 /* Resources */ = {
			isa = PBXResourcesBuildPhase;
			buildActionMask = 2147483647;
			files = (
			);
			runOnlyForDeploymentPostprocessing = 0;
		};
/* End PBXResourcesBuildPhase section */

/* Begin PBXSourcesBuildPhase section */
		C10000000000000000000001 /* Sources */ = {
			isa = PBXSourcesBuildPhase;
			buildActionMask = 2147483647;
			files = (
				B10000000000000000000001 /* ApexCoachApp.swift in Sources */,
				B10000000000000000000002 /* PremiumComponents.swift in Sources */,
				B10000000000000000000003 /* MuscleDiagramView.swift in Sources */,
				B10000000000000000000004 /* OnboardingViewModel.swift in Sources */,
				B10000000000000000000005 /* OnboardingFlowView.swift in Sources */,
				B10000000000000000000006 /* ProfileView.swift in Sources */,
				B10000000000000000000007 /* ExerciseDetailView.swift in Sources */,
				B10000000000000000000008 /* WorkoutPlanView.swift in Sources */,
				B10000000000000000000009 /* ActiveWorkoutView.swift in Sources */,
				B1000000000000000000000A /* ActiveWorkoutViewModel.swift in Sources */,
				B1000000000000000000000B /* ProgressView.swift in Sources */,
				B1000000000000000000000C /* HomeView.swift in Sources */,
				B1000000000000000000000D /* AppViewModel.swift in Sources */,
				B1000000000000000000000E /* RootView.swift in Sources */,
				B1000000000000000000000F /* WorkoutTimerEngine.swift in Sources */,
				B10000000000000000000010 /* HapticEngine.swift in Sources */,
				B10000000000000000000011 /* ProgressiveOverloadService.swift in Sources */,
				B10000000000000000000012 /* WorkoutPlanGeneratorService.swift in Sources */,
				B10000000000000000000013 /* LocalWorkoutStore.swift in Sources */,
				B10000000000000000000014 /* ProgressModels.swift in Sources */,
				B10000000000000000000015 /* FitnessModels.swift in Sources */,
				B10000000000000000000016 /* ExerciseDatabase.swift in Sources */,
				B10000000000000000000017 /* CoachTheme.swift in Sources */,
			);
			runOnlyForDeploymentPostprocessing = 0;
		};
/* End PBXSourcesBuildPhase section */

/* Begin XCBuildConfiguration section */
		C1000000000000000000000A /* Debug */ = {
			isa = XCBuildConfiguration;
			buildSettings = {
				ALWAYS_SEARCH_USER_PATHS = NO;
				CLANG_ANALYZER_NONNULL = YES;
				CLANG_ANALYZER_NUMBER_OBJECT_CONVERSION = YES_AGGRESSIVE;
				CLANG_CXX_LANGUAGE_STANDARD = "gnu++20";
				CLANG_ENABLE_MODULES = YES;
				CLANG_ENABLE_OBJC_ARC = YES;
				CLANG_ENABLE_OBJC_WEAK = YES;
				CLANG_WARN_BLOCK_CAPTURE_AUTORELEASING = YES;
				CLANG_WARN_BOOL_CONVERSION = YES;
				CLANG_WARN_COMMA = YES;
				CLANG_WARN_CONSTANT_CONVERSION = YES;
				CLANG_WARN_DEPRECATED_OBJC_IMPLEMENTATIONS = YES;
				CLANG_WARN_DIRECT_OBJC_ISA_USAGE = YES_ERROR;
				CLANG_WARN_DOCUMENTATION_COMMENTS = YES;
				CLANG_WARN_EMPTY_BODY = YES;
				CLANG_WARN_ENUM_CONVERSION = YES;
				CLANG_WARN_INFINITE_RECURSION = YES;
				CLANG_WARN_INT_CONVERSION = YES;
				CLANG_WARN_NON_LITERAL_NULL_CONVERSION = YES;
				CLANG_WARN_OBJC_IMPLICIT_RETAIN_SELF = YES;
				CLANG_WARN_OBJC_LITERAL_CONVERSION = YES;
				CLANG_WARN_OBJC_ROOT_CLASS = YES_ERROR;
				CLANG_WARN_QUOTED_INCLUDE_IN_FRAMEWORK_HEADER = YES;
				CLANG_WARN_RANGE_LOOP_ANALYSIS = YES;
				CLANG_WARN_STRICT_PROTOTYPES = YES;
				CLANG_WARN_SUSPICIOUS_MOVE = YES;
				CLANG_WARN_UNGUARDED_AVAILABILITY = YES_AGGRESSIVE;
				CLANG_WARN_UNREACHABLE_CODE = YES;
				CLANG_WARN__DUPLICATE_METHOD_MATCH = YES;
				COPY_PHASE_STRIP = NO;
				DEBUG_INFORMATION_FORMAT = dwarf;
				ENABLE_STRICT_OBJC_MSGSEND = YES;
				ENABLE_TESTABILITY = YES;
				ENABLE_USER_SCRIPT_SANDBOXING = YES;
				GCC_C_LANGUAGE_STANDARD = gnu17;
				GCC_DYNAMIC_NO_PIC = NO;
				GCC_NO_COMMON_BLOCKS = YES;
				GCC_OPTIMIZATION_LEVEL = 0;
				GCC_PREPROCESSOR_DEFINITIONS = (
					"DEBUG=1",
					"$(inherited)",
				);
				GCC_WARN_64_TO_32_BIT_CONVERSION = YES;
				GCC_WARN_ABOUT_RETURN_TYPE = YES_ERROR;
				GCC_WARN_UNDECLARED_SELECTOR = YES;
				GCC_WARN_UNINITIALIZED_AUTOS = YES_AGGRESSIVE;
				GCC_WARN_UNUSED_FUNCTION = YES;
				GCC_WARN_UNUSED_VARIABLE = YES;
				IPHONEOS_DEPLOYMENT_TARGET = 17.0;
				MTL_ENABLE_DEBUG_INFO = INCLUDE_SOURCE;
				MTL_FAST_MATH = YES;
				ONLY_ACTIVE_ARCH = YES;
				SDKROOT = iphoneos;
				SWIFT_ACTIVE_COMPILATION_CONDITIONS = DEBUG;
				SWIFT_OPTIMIZATION_LEVEL = "-Onone";
			};
			name = Debug;
		};
		C1000000000000000000000B /* Release */ = {
			isa = XCBuildConfiguration;
			buildSettings = {
				ALWAYS_SEARCH_USER_PATHS = NO;
				CLANG_ANALYZER_NONNULL = YES;
				CLANG_ANALYZER_NUMBER_OBJECT_CONVERSION = YES_AGGRESSIVE;
				CLANG_CXX_LANGUAGE_STANDARD = "gnu++20";
				CLANG_ENABLE_MODULES = YES;
				CLANG_ENABLE_OBJC_ARC = YES;
				CLANG_ENABLE_OBJC_WEAK = YES;
				CLANG_WARN_BLOCK_CAPTURE_AUTORELEASING = YES;
				CLANG_WARN_BOOL_CONVERSION = YES;
				CLANG_WARN_COMMA = YES;
				CLANG_WARN_CONSTANT_CONVERSION = YES;
				CLANG_WARN_DEPRECATED_OBJC_IMPLEMENTATIONS = YES;
				CLANG_WARN_DIRECT_OBJC_ISA_USAGE = YES_ERROR;
				CLANG_WARN_DOCUMENTATION_COMMENTS = YES;
				CLANG_WARN_EMPTY_BODY = YES;
				CLANG_WARN_ENUM_CONVERSION = YES;
				CLANG_WARN_INFINITE_RECURSION = YES;
				CLANG_WARN_INT_CONVERSION = YES;
				CLANG_WARN_NON_LITERAL_NULL_CONVERSION = YES_AGGRESSIVE;
				CLANG_WARN_OBJC_IMPLICIT_RETAIN_SELF = YES;
				CLANG_WARN_OBJC_LITERAL_CONVERSION = YES;
				CLANG_WARN_OBJC_ROOT_CLASS = YES_ERROR;
				CLANG_WARN_QUOTED_INCLUDE_IN_FRAMEWORK_HEADER = YES;
				CLANG_WARN_RANGE_LOOP_ANALYSIS = YES;
				CLANG_WARN_STRICT_PROTOTYPES = YES;
				CLANG_WARN_SUSPICIOUS_MOVE = YES;
				CLANG_WARN_UNGUARDED_AVAILABILITY = YES_AGGRESSIVE;
				CLANG_WARN_UNREACHABLE_CODE = YES;
				CLANG_WARN__DUPLICATE_METHOD_MATCH = YES;
				COPY_PHASE_STRIP = NO;
				DEBUG_INFORMATION_FORMAT = "dwarf-with-dsym";
				ENABLE_NS_ASSERTIONS = NO;
				ENABLE_STRICT_OBJC_MSGSEND = YES;
				ENABLE_USER_SCRIPT_SANDBOXING = YES;
				GCC_C_LANGUAGE_STANDARD = gnu17;
				GCC_NO_COMMON_BLOCKS = YES;
				GCC_WARN_64_TO_32_BIT_CONVERSION = YES;
				GCC_WARN_ABOUT_RETURN_TYPE = YES_ERROR;
				GCC_WARN_UNDECLARED_SELECTOR = YES;
				GCC_WARN_UNINITIALIZED_AUTOS = YES_AGGRESSIVE;
				GCC_WARN_UNUSED_FUNCTION = YES;
				GCC_WARN_UNUSED_VARIABLE = YES;
				IPHONEOS_DEPLOYMENT_TARGET = 17.0;
				MTL_ENABLE_DEBUG_INFO = NO;
				MTL_FAST_MATH = YES;
				SDKROOT = iphoneos;
				SWIFT_COMPILATION_MODE = wholemodule;
				VALIDATE_PRODUCT = YES;
			};
			name = Release;
		};
		C1000000000000000000000D /* Debug */ = {
			isa = XCBuildConfiguration;
			buildSettings = {
				ASSETCATALOG_COMPILER_GLOBAL_ACCENT_COLOR_NAME = AccentColor;
				CODE_SIGN_STYLE = Automatic;
				CURRENT_PROJECT_VERSION = 1;
				DEVELOPMENT_TEAM = "";
				ENABLE_PREVIEWS = YES;
				GENERATE_INFOPLIST_FILE = YES;
				INFOPLIST_KEY_CFBundleDisplayName = "Apex Coach";
				INFOPLIST_KEY_LSApplicationCategoryType = "public.app-category.healthcare-fitness";
				INFOPLIST_KEY_UIApplicationSceneManifest_Generation = YES;
				INFOPLIST_KEY_UIApplicationSupportsIndirectInputEvents = YES;
				INFOPLIST_KEY_UILaunchScreen_Generation = YES;
				INFOPLIST_KEY_UISupportedInterfaceOrientations_iPad = "UIInterfaceOrientationPortrait UIInterfaceOrientationPortraitUpsideDown UIInterfaceOrientationLandscapeLeft UIInterfaceOrientationLandscapeRight";
				INFOPLIST_KEY_UISupportedInterfaceOrientations_iPhone = "UIInterfaceOrientationPortrait";
				IPHONEOS_DEPLOYMENT_TARGET = 17.0;
				MARKETING_VERSION = 1.0;
				PRODUCT_BUNDLE_IDENTIFIER = com.local.apexcoach;
				PRODUCT_NAME = "$(TARGET_NAME)";
				SUPPORTED_PLATFORMS = "iphoneos iphonesimulator";
				SUPPORTS_MACCATALYST = NO;
				SWIFT_EMIT_LOC_STRINGS = YES;
				SWIFT_VERSION = 5.0;
				TARGETED_DEVICE_FAMILY = "1,2";
			};
			name = Debug;
		};
		C1000000000000000000000E /* Release */ = {
			isa = XCBuildConfiguration;
			buildSettings = {
				ASSETCATALOG_COMPILER_GLOBAL_ACCENT_COLOR_NAME = AccentColor;
				CODE_SIGN_STYLE = Automatic;
				CURRENT_PROJECT_VERSION = 1;
				DEVELOPMENT_TEAM = "";
				ENABLE_PREVIEWS = YES;
				GENERATE_INFOPLIST_FILE = YES;
				INFOPLIST_KEY_CFBundleDisplayName = "Apex Coach";
				INFOPLIST_KEY_LSApplicationCategoryType = "public.app-category.healthcare-fitness";
				INFOPLIST_KEY_UIApplicationSceneManifest_Generation = YES;
				INFOPLIST_KEY_UIApplicationSupportsIndirectInputEvents = YES;
				INFOPLIST_KEY_UILaunchScreen_Generation = YES;
				INFOPLIST_KEY_UISupportedInterfaceOrientations_iPad = "UIInterfaceOrientationPortrait UIInterfaceOrientationPortraitUpsideDown UIInterfaceOrientationLandscapeLeft UIInterfaceOrientationLandscapeRight";
				INFOPLIST_KEY_UISupportedInterfaceOrientations_iPhone = "UIInterfaceOrientationPortrait";
				IPHONEOS_DEPLOYMENT_TARGET = 17.0;
				MARKETING_VERSION = 1.0;
				PRODUCT_BUNDLE_IDENTIFIER = com.local.apexcoach;
				PRODUCT_NAME = "$(TARGET_NAME)";
				SUPPORTED_PLATFORMS = "iphoneos iphonesimulator";
				SUPPORTS_MACCATALYST = NO;
				SWIFT_EMIT_LOC_STRINGS = YES;
				SWIFT_VERSION = 5.0;
				TARGETED_DEVICE_FAMILY = "1,2";
			};
			name = Release;
		};
/* End XCBuildConfiguration section */

/* Begin XCConfigurationList section */
		C10000000000000000000009 /* Build configuration list for PBXProject "ApexCoach" */ = {
			isa = XCConfigurationList;
			buildConfigurations = (
				C1000000000000000000000A /* Debug */,
				C1000000000000000000000B /* Release */,
			);
			defaultConfigurationIsVisible = 0;
			defaultConfigurationName = Release;
		};
		C1000000000000000000000C /* Build configuration list for PBXNativeTarget "ApexCoach" */ = {
			isa = XCConfigurationList;
			buildConfigurations = (
				C1000000000000000000000D /* Debug */,
				C1000000000000000000000E /* Release */,
			);
			defaultConfigurationIsVisible = 0;
			defaultConfigurationName = Release;
		};
/* End XCConfigurationList section */
	};
	rootObject = C10000000000000000000008 /* Project object */;
}
